{
  "requires": true,
  "lockfileVersion": 1,
  "dependencies": {
    "@babel/runtime": {
      "version": "7.12.13",
      "resolved": "https://registry.npmjs.org/@babel/runtime/-/runtime-7.12.13.tgz",
      "integrity": "sha512-8+3UMPBrjFa/6TtKi/7sehPKqfAm4g6K+YQjyyFOLUTxzOngcRZTlAVY8sc2CORJYqdHQY8gRPHmn+qo15rCBw==",
      "requires": {
        "regenerator-runtime": "^0.13.4"
      }
    },
    "@types/node": {
      "version": "14.14.28",
      "resolved": "https://registry.npmjs.org/@types/node/-/node-14.14.28.tgz",
      "integrity": "sha512-lg55ArB+ZiHHbBBttLpzD07akz0QPrZgUODNakeC09i62dnrywr9mFErHuaPlB6I7z+sEbK+IYmplahvplCj2g=="
    },
    "async": {
      "version": "1.5.2",
      "resolved": "https://registry.npmjs.org/async/-/async-1.5.2.tgz",
      "integrity": "sha1-7GphrlZIDAw8skHJVhjiCJL5Zyo="
    },
    "buffer-equal-constant-time": {
      "version": "1.0.1",
      "resolved": "https://registry.npmjs.org/buffer-equal-constant-time/-/buffer-equal-constant-time-1.0.1.tgz",
      "integrity": "sha1-+OcRMvf/5uAaXJaXpMbz5I1cyBk="
    },
    "ecdsa-sig-formatter": {
      "version": "1.0.11",
      "resolved": "https://registry.npmjs.org/ecdsa-sig-formatter/-/ecdsa-sig-formatter-1.0.11.tgz",
      "integrity": "sha512-nagl3RYrbNv6kQkeJIpt6NJZy8twLB/2vtz6yN9Z4vRKHN4/QZJIEbqohALSgwKdnksuY3k5Addp5lg8sVoVcQ==",
      "requires": {
        "safe-buffer": "^5.0.1"
      }
    },
    "encoding": {
      "version": "0.1.13",
      "resolved": "https://registry.npmjs.org/encoding/-/encoding-0.1.13.tgz",
      "integrity": "sha512-ETBauow1T35Y/WZMkio9jiM0Z5xjHHmJ4XmjZOq1l/dXz3lr2sRn87nJy20RupqSh1F2m3HHPSp8ShIPQJrJ3A==",
      "requires": {
        "iconv-lite": "^0.6.2"
      }
    },
    "express-jwt": {
      "version": "6.0.0",
      "resolved": "https://registry.npmjs.org/express-jwt/-/express-jwt-6.0.0.tgz",
      "integrity": "sha512-C26y9myRjx7CyhZ+BAT3p+gQyRCoDZ7qo8plCvLDaRT6je6ALIAQknT6XLVQGFKwIy/Ux7lvM2MNap5dt0T7gA==",
      "requires": {
        "async": "^1.5.0",
        "express-unless": "^0.3.0",
        "jsonwebtoken": "^8.1.0",
        "lodash.set": "^4.0.0"
      }
    },
    "express-unless": {
      "version": "0.3.1",
      "resolved": "https://registry.npmjs.org/express-unless/-/express-unless-0.3.1.tgz",
      "integrity": "sha1-JVfBRudb65A+LSR/m1ugFFJpbiA="
    },
    "express-validator": {
      "version": "6.9.2",
      "resolved": "https://registry.npmjs.org/express-validator/-/express-validator-6.9.2.tgz",
      "integrity": "sha512-Yqlsw2/uBobtBVkP+gnds8OMmVAEb3uTI4uXC93l0Ym5JGHgr8Vd4ws7oSo7GGYpWn5YCq4UePMEppKchURXrw==",
      "requires": {
        "lodash": "^4.17.20",
        "validator": "^13.5.2"
      }
    },
    "formidable": {
      "version": "1.2.2",
      "resolved": "https://registry.npmjs.org/formidable/-/formidable-1.2.2.tgz",
      "integrity": "sha512-V8gLm+41I/8kguQ4/o1D3RIHRmhYFG4pnNyonvua+40rqcEmT4+V71yaZ3B457xbbgCsCfjSPi65u/W6vK1U5Q=="
    },
    "html-entities": {
      "version": "2.1.0",
      "resolved": "https://registry.npmjs.org/html-entities/-/html-entities-2.1.0.tgz",
      "integrity": "sha512-u+OHVGMH5P1HlaTFp3M4HolRnWepgx5rAnYBo+7/TrBZahuJjgQ4TMv2GjQ4IouGDzkgXYeOI/NQuF95VOUOsQ=="
    },
    "iconv-lite": {
      "version": "0.6.2",
      "resolved": "https://registry.npmjs.org/iconv-lite/-/iconv-lite-0.6.2.tgz",
      "integrity": "sha512-2y91h5OpQlolefMPmUlivelittSWy0rP+oYVpn6A7GwVHNE8AWzoYOBNmlwks3LobaJxgHCYZAnyNo2GgpNRNQ==",
      "requires": {
        "safer-buffer": ">= 2.1.2 < 3.0.0"
      }
    },
    "is-stream": {
      "version": "1.1.0",
      "resolved": "https://registry.npmjs.org/is-stream/-/is-stream-1.1.0.tgz",
      "integrity": "sha1-EtSj3U5o4Lec6428hBc66A2RykQ="
    },
    "isomorphic-fetch": {
      "version": "2.2.1",
      "resolved": "https://registry.npmjs.org/isomorphic-fetch/-/isomorphic-fetch-2.2.1.tgz",
      "integrity": "sha1-YRrhrPFPXoH3KVB0coGf6XM1WKk=",
      "requires": {
        "node-fetch": "^1.0.1",
        "whatwg-fetch": ">=0.10.0"
      },
      "dependencies": {
        "node-fetch": {
          "version": "1.7.3",
          "resolved": "https://registry.npmjs.org/node-fetch/-/node-fetch-1.7.3.tgz",
          "integrity": "sha512-NhZ4CsKx7cYm2vSrBAr2PvFOe6sWDf0UYLRqA6svUYg7+/TSfVAu49jYC4BvQ4Sms9SZgdqGBgroqfDhJdTyKQ==",
          "requires": {
            "encoding": "^0.1.11",
            "is-stream": "^1.0.1"
          }
        }
      }
    },
    "js-tokens": {
      "version": "4.0.0",
      "resolved": "https://registry.npmjs.org/js-tokens/-/js-tokens-4.0.0.tgz",
      "integrity": "sha512-RdJUflcE3cUzKiMqQgsCu06FPu9UdIJO0beYbPhHN4k6apgJtifcoCtT9bcxOpYBtpD2kCM6Sbzg4CausW/PKQ=="
    },
    "jsonwebtoken": {
      "version": "8.5.1",
      "resolved": "https://registry.npmjs.org/jsonwebtoken/-/jsonwebtoken-8.5.1.tgz",
      "integrity": "sha512-XjwVfRS6jTMsqYs0EsuJ4LGxXV14zQybNd4L2r0UvbVnSF9Af8x7p5MzbJ90Ioz/9TI41/hTCvznF/loiSzn8w==",
      "requires": {
        "jws": "^3.2.2",
        "lodash.includes": "^4.3.0",
        "lodash.isboolean": "^3.0.3",
        "lodash.isinteger": "^4.0.4",
        "lodash.isnumber": "^3.0.3",
        "lodash.isplainobject": "^4.0.6",
        "lodash.isstring": "^4.0.1",
        "lodash.once": "^4.0.0",
        "ms": "^2.1.1",
        "semver": "^5.6.0"
      }
    },
    "jwa": {
      "version": "1.4.1",
      "resolved": "https://registry.npmjs.org/jwa/-/jwa-1.4.1.tgz",
      "integrity": "sha512-qiLX/xhEEFKUAJ6FiBMbes3w9ATzyk5W7Hvzpa/SLYdxNtng+gcurvrI7TbACjIXlsJyr05/S1oUhZrc63evQA==",
      "requires": {
        "buffer-equal-constant-time": "1.0.1",
        "ecdsa-sig-formatter": "1.0.11",
        "safe-buffer": "^5.0.1"
      }
    },
    "jws": {
      "version": "3.2.2",
      "resolved": "https://registry.npmjs.org/jws/-/jws-3.2.2.tgz",
      "integrity": "sha512-YHlZCB6lMTllWDtSPHz/ZXTsi8S00usEV6v1tjq8tOUZzw7DpSDWVXjXDre6ed1w/pd495ODpHZYSdkRTsa0HA==",
      "requires": {
        "jwa": "^1.4.1",
        "safe-buffer": "^5.0.1"
      }
    },
    "lodash": {
      "version": "4.17.20",
      "resolved": "https://registry.npmjs.org/lodash/-/lodash-4.17.20.tgz",
      "integrity": "sha512-PlhdFcillOINfeV7Ni6oF1TAEayyZBoZ8bcshTHqOYJYlrqzRK5hagpagky5o4HfCzzd1TRkXPMFq6cKk9rGmA=="
    },
    "lodash.clonedeep": {
      "version": "4.5.0",
      "resolved": "https://registry.npmjs.org/lodash.clonedeep/-/lodash.clonedeep-4.5.0.tgz",
      "integrity": "sha1-4j8/nE+Pvd6HJSnBBxhXoIblzO8="
    },
    "lodash.includes": {
      "version": "4.3.0",
      "resolved": "https://registry.npmjs.org/lodash.includes/-/lodash.includes-4.3.0.tgz",
      "integrity": "sha1-YLuYqHy5I8aMoeUTJUgzFISfVT8="
    },
    "lodash.isboolean": {
      "version": "3.0.3",
      "resolved": "https://registry.npmjs.org/lodash.isboolean/-/lodash.isboolean-3.0.3.tgz",
      "integrity": "sha1-bC4XHbKiV82WgC/UOwGyDV9YcPY="
    },
    "lodash.isinteger": {
      "version": "4.0.4",
      "resolved": "https://registry.npmjs.org/lodash.isinteger/-/lodash.isinteger-4.0.4.tgz",
      "integrity": "sha1-YZwK89A/iwTDH1iChAt3sRzWg0M="
    },
    "lodash.isnumber": {
      "version": "3.0.3",
      "resolved": "https://registry.npmjs.org/lodash.isnumber/-/lodash.isnumber-3.0.3.tgz",
      "integrity": "sha1-POdoEMWSjQM1IwGsKHMX8RwLH/w="
    },
    "lodash.isplainobject": {
      "version": "4.0.6",
      "resolved": "https://registry.npmjs.org/lodash.isplainobject/-/lodash.isplainobject-4.0.6.tgz",
      "integrity": "sha1-fFJqUtibRcRcxpC4gWO+BJf1UMs="
    },
    "lodash.isstring": {
      "version": "4.0.1",
      "resolved": "https://registry.npmjs.org/lodash.isstring/-/lodash.isstring-4.0.1.tgz",
      "integrity": "sha1-1SfftUVuynzJu5XV2ur4i6VKVFE="
    },
    "lodash.once": {
      "version": "4.1.1",
      "resolved": "https://registry.npmjs.org/lodash.once/-/lodash.once-4.1.1.tgz",
      "integrity": "sha1-DdOXEhPHxW34gJd9UEyI+0cal6w="
    },
    "lodash.set": {
      "version": "4.3.2",
      "resolved": "https://registry.npmjs.org/lodash.set/-/lodash.set-4.3.2.tgz",
      "integrity": "sha1-2HV7HagH3eJIFrDWqEvqGnYjCyM="
    },
    "lodash.trim": {
      "version": "4.5.1",
      "resolved": "https://registry.npmjs.org/lodash.trim/-/lodash.trim-4.5.1.tgz",
      "integrity": "sha1-NkJefukL5KpeJ7zruFt9EepHqlc="
    },
    "lodash.without": {
      "version": "4.4.0",
      "resolved": "https://registry.npmjs.org/lodash.without/-/lodash.without-4.4.0.tgz",
      "integrity": "sha1-PNRXSgC2e643OpS3SHcmQFB7eqw="
    },
    "loose-envify": {
      "version": "1.4.0",
      "resolved": "https://registry.npmjs.org/loose-envify/-/loose-envify-1.4.0.tgz",
      "integrity": "sha512-lyuxPGr/Wfhrlem2CL/UcnUc1zcqKAImBDzukY7Y5F/yQiNdko6+fRLevlw1HgMySw7f611UIY408EtxRSoK3Q==",
      "requires": {
        "js-tokens": "^3.0.0 || ^4.0.0"
      }
    },
    "moment": {
      "version": "2.29.1",
      "resolved": "https://registry.npmjs.org/moment/-/moment-2.29.1.tgz",
      "integrity": "sha512-kHmoybcPV8Sqy59DwNDY3Jefr64lK/by/da0ViFcuA4DH0vQg5Q6Ze5VimxkfQNSC+Mls/Kx53s7TjP1RhFEDQ=="
    },
    "ms": {
      "version": "2.1.3",
      "resolved": "https://registry.npmjs.org/ms/-/ms-2.1.3.tgz",
      "integrity": "sha512-6FlzubTLZG3J2a/NVCAleEhjzq5oxgHyaCU9yYXvcLsvoVaHJq/s5xXI6/XXP6tz7R9xAOtHnSO/tXtF3WRTlA=="
    },
    "nanoid": {
      "version": "2.1.11",
      "resolved": "https://registry.npmjs.org/nanoid/-/nanoid-2.1.11.tgz",
      "integrity": "sha512-s/snB+WGm6uwi0WjsZdaVcuf3KJXlfGl2LcxgwkEwJF0D/BWzVWAZW/XY4bFaiR7s0Jk3FPvlnepg1H1b1UwlA=="
    },
    "node-fetch": {
      "version": "2.6.1",
      "resolved": "https://registry.npmjs.org/node-fetch/-/node-fetch-2.6.1.tgz",
      "integrity": "sha512-V4aYg89jEoVRxRb2fJdAg8FHvI7cEyYdVAh94HH0UIK8oJxUfkjlDQN9RbMx+bEjP7+ggMiFRprSti032Oipxw=="
    },
    "object-assign": {
      "version": "4.1.1",
      "resolved": "https://registry.npmjs.org/object-assign/-/object-assign-4.1.1.tgz",
      "integrity": "sha1-IQmtx5ZYh8/AXLvUQsrIv7s2CGM="
    },
    "parse5": {
      "version": "3.0.3",
      "resolved": "https://registry.npmjs.org/parse5/-/parse5-3.0.3.tgz",
      "integrity": "sha512-rgO9Zg5LLLkfJF9E6CCmXlSE4UVceloys8JrFqCcHloC3usd/kJCyPDwH2SOlzix2j3xaP9sUX3e8+kvkuleAA==",
      "requires": {
        "@types/node": "*"
      }
    },
    "prop-types": {
      "version": "15.7.2",
      "resolved": "https://registry.npmjs.org/prop-types/-/prop-types-15.7.2.tgz",
      "integrity": "sha512-8QQikdH7//R2vurIJSutZ1smHYTcLpRWEOlHnzcWHmBYrOGUysKwSsrC89BCiFj3CbrfJ/nXFdJepOVrY1GCHQ==",
      "requires": {
        "loose-envify": "^1.4.0",
        "object-assign": "^4.1.1",
        "react-is": "^16.8.1"
      }
    },
    "ranges-apply": {
      "version": "5.0.4",
      "resolved": "https://registry.npmjs.org/ranges-apply/-/ranges-apply-5.0.4.tgz",
      "integrity": "sha512-QsT52z+YSXAGn1VzMn1aAR9QQZBEKHxg9vybo0D4bJSfx19eHoiOVGReVYjABrv6GoDbkBfiPTJyLl+ifmuBZg==",
      "requires": {
        "@babel/runtime": "^7.12.13",
        "ranges-merge": "^7.0.4"
      }
    },
    "ranges-merge": {
      "version": "7.0.4",
      "resolved": "https://registry.npmjs.org/ranges-merge/-/ranges-merge-7.0.4.tgz",
      "integrity": "sha512-c+tIqalOh5P/mhipJLZ6GfysZSOHhDKaoShUtdr9dgtgdw33ZmtUewNvqPPUOP4M+8nIi8Xedbm2qjy8YlpEvw==",
      "requires": {
        "@babel/runtime": "^7.12.13",
        "ranges-push": "^5.0.4",
        "ranges-sort": "^4.0.4"
      }
    },
    "ranges-push": {
      "version": "5.0.4",
      "resolved": "https://registry.npmjs.org/ranges-push/-/ranges-push-5.0.4.tgz",
      "integrity": "sha512-5fjyBBtr6qvyR/XQtokT6C7XQVLwd0TrI4Dv8QnSuBhf8inq1lb3LzmXiAsOD1757XLnykF/iNN1MoqvkN5/Zw==",
      "requires": {
        "@babel/runtime": "^7.12.13",
        "ranges-merge": "^7.0.4",
        "string-collapse-leading-whitespace": "^5.0.4",
        "string-trim-spaces-only": "^3.0.4"
      }
    },
    "ranges-sort": {
      "version": "4.0.4",
      "resolved": "https://registry.npmjs.org/ranges-sort/-/ranges-sort-4.0.4.tgz",
      "integrity": "sha512-1BG6HWZAUPX6+Sxxk4mz99f6mwYH5OxMHEv8ybDdkUOEs9Z6woyECsHi9dEb//v07Jv6m4BTb+h1zhU6Hl7egg==",
      "requires": {
        "@babel/runtime": "^7.12.13"
      }
    },
    "react-attr-converter": {
      "version": "0.3.1",
      "resolved": "https://registry.npmjs.org/react-attr-converter/-/react-attr-converter-0.3.1.tgz",
      "integrity": "sha512-dSxo2Mn6Zx4HajeCeQNLefwEO4kNtV/0E682R1+ZTyFRPqxDa5zYb5qM/ocqw9Bxr/kFQO0IUiqdV7wdHw+Cdg=="
    },
    "react-is": {
      "version": "16.13.1",
      "resolved": "https://registry.npmjs.org/react-is/-/react-is-16.13.1.tgz",
      "integrity": "sha512-24e6ynE2H+OKt4kqsOvNd8kBpV65zoxbA4BVsEOB3ARVWQki/DHzaUoC5KuON/BiccDaCCTZBuOcfZs70kR8bQ=="
    },
    "react-render-html": {
      "version": "0.6.0",
      "resolved": "https://registry.npmjs.org/react-render-html/-/react-render-html-0.6.0.tgz",
      "integrity": "sha512-F9Xn8Iy2oJvepMdDrN+XUPOwqv3ni856ikuvu/dyJ2guozN01vF0C55Ja+CQfnziQNlLevSVXzuQKYa/mhyjAQ==",
      "requires": {
        "parse5": "^3.0.2",
        "react-attr-converter": "^0.3.1"
      }
    },
    "regenerator-runtime": {
      "version": "0.13.7",
      "resolved": "https://registry.npmjs.org/regenerator-runtime/-/regenerator-runtime-0.13.7.tgz",
      "integrity": "sha512-a54FxoJDIr27pgf7IgeQGxmqUNYrcV338lf/6gH456HZ/PhX+5BcwHXG9ajESmwe6WRO0tAzRUrRmNONWgkrew=="
    },
    "safe-buffer": {
      "version": "5.2.1",
      "resolved": "https://registry.npmjs.org/safe-buffer/-/safe-buffer-5.2.1.tgz",
      "integrity": "sha512-rp3So07KcdmmKbGvgaNxQSJr7bGVSVk5S9Eq1F+ppbRo70+YeaDxkw5Dd8NPN+GD6bjnYm2VuPuCXmpuYvmCXQ=="
    },
    "safer-buffer": {
      "version": "2.1.2",
      "resolved": "https://registry.npmjs.org/safer-buffer/-/safer-buffer-2.1.2.tgz",
      "integrity": "sha512-YZo3K82SD7Riyi0E1EQPojLz7kpepnSQI9IyPbHHg1XXXevb5dJI7tpyN2ADxGcQbHG7vcyRHk0cbwqcQriUtg=="
    },
    "semver": {
      "version": "5.7.1",
      "resolved": "https://registry.npmjs.org/semver/-/semver-5.7.1.tgz",
      "integrity": "sha512-sauaDf/PZdVgrLTNYHRtpXa1iRiKcaebiKQ1BJdpQlWH2lCvexQdX55snPFyK7QzpudqbCI0qXFfOasHdyNDGQ=="
    },
    "shortid": {
      "version": "2.2.16",
      "resolved": "https://registry.npmjs.org/shortid/-/shortid-2.2.16.tgz",
      "integrity": "sha512-Ugt+GIZqvGXCIItnsL+lvFJOiN7RYqlGy7QE41O3YC1xbNSeDGIRO7xg2JJXIAj1cAGnOeC1r7/T9pgrtQbv4g==",
      "requires": {
        "nanoid": "^2.1.0"
      }
    },
    "slugify": {
      "version": "1.4.6",
      "resolved": "https://registry.npmjs.org/slugify/-/slugify-1.4.6.tgz",
      "integrity": "sha512-ZdJIgv9gdrYwhXqxsH9pv7nXxjUEyQ6nqhngRxoAAOlmMGA28FDq5O4/5US4G2/Nod7d1ovNcgURQJ7kHq50KQ=="
    },
    "string-collapse-leading-whitespace": {
      "version": "5.0.4",
      "resolved": "https://registry.npmjs.org/string-collapse-leading-whitespace/-/string-collapse-leading-whitespace-5.0.4.tgz",
      "integrity": "sha512-JLHrc8koZU5VdwciTw5eVHoJixIIEJuawTWQEPeOzy+0Si7Qc81itXl1wcEEm92UK/liC+QGSnfopecpCyBwUw==",
      "requires": {
        "@babel/runtime": "^7.12.13"
      }
    },
    "string-left-right": {
      "version": "4.0.4",
      "resolved": "https://registry.npmjs.org/string-left-right/-/string-left-right-4.0.4.tgz",
      "integrity": "sha512-F7V+hAggGFD8OsoIiEqSuNNWlvfEc18b5ttFRJ2yL4gkaEEmM8agbiKtUqEbjs1+G6KDz31RaV9WN4PLX4dGOw==",
      "requires": {
        "@babel/runtime": "^7.12.13",
        "lodash.clonedeep": "^4.5.0",
        "lodash.isplainobject": "^4.0.6"
      }
    },
    "string-strip-html": {
      "version": "8.2.1",
      "resolved": "https://registry.npmjs.org/string-strip-html/-/string-strip-html-8.2.1.tgz",
      "integrity": "sha512-MIq5JFlnq6EqOhnWZbA0vhBOhg0CY0siMqnhrfwB6WeADy7FXL4BQMBAl6kVx4u38kgoBo+POofbGMAsqb1HXw==",
      "requires": {
        "@babel/runtime": "^7.12.13",
        "html-entities": "^2.1.0",
        "lodash.isplainobject": "^4.0.6",
        "lodash.trim": "^4.5.1",
        "lodash.without": "^4.4.0",
        "ranges-apply": "^5.0.4",
        "ranges-push": "^5.0.4",
        "string-left-right": "^4.0.4"
      }
    },
    "string-trim-spaces-only": {
      "version": "3.0.4",
      "resolved": "https://registry.npmjs.org/string-trim-spaces-only/-/string-trim-spaces-only-3.0.4.tgz",
      "integrity": "sha512-Mv8J7susvzuVVIVSzRGdAfCtn01FCTzF1bRGhOvlBIxjODddMSmcov83AHSn6fpEBgfsz08xDYX+aejThduUvg==",
      "requires": {
        "@babel/runtime": "^7.12.13"
      }
    },
    "validator": {
      "version": "13.5.2",
      "resolved": "https://registry.npmjs.org/validator/-/validator-13.5.2.tgz",
      "integrity": "sha512-mD45p0rvHVBlY2Zuy3F3ESIe1h5X58GPfAtslBjY7EtTqGquZTj+VX/J4RnHWN8FKq0C9WRVt1oWAcytWRuYLQ=="
    },
    "whatwg-fetch": {
      "version": "3.5.0",
      "resolved": "https://registry.npmjs.org/whatwg-fetch/-/whatwg-fetch-3.5.0.tgz",
      "integrity": "sha512-jXkLtsR42xhXg7akoDKvKWE40eJeI+2KZqcp2h3NsOrRnDvtWX36KcKl30dy+hxECivdk2BVUHVNrPtoMBUx6A=="
    }
  }
}
